
Microsoft Visual Studio Solution File, Format Version 12.00
# Visual Studio 15
VisualStudioVersion = 15.0.27703.2000
MinimumVisualStudioVersion = 10.0.40219.1
Project("{FAE04EC0-301F-11D3-BF4B-00C04F79EFBC}") = "Phoneword.Android", "Phoneword\Phoneword.Android\Phoneword.Android.csproj", "{7D6C5B3A-DCED-4855-A5D5-87F60941860D}"
EndProject
Project("{FAE04EC0-301F-11D3-BF4B-00C04F79EFBC}") = "Phoneword.iOS", "Phoneword\Phoneword.iOS\Phoneword.iOS.csproj", "{701496F1-8E10-4B5D-950C-281F6573203C}"
EndProject
Project("{FAE04EC0-301F-11D3-BF4B-00C04F79EFBC}") = "Phoneword.UWP", "Phoneword\Phoneword.UWP\Phoneword.UWP.csproj", "{69130BAD-2978-4136-9965-427E0EB60931}"
EndProject
Project("{FAE04EC0-301F-11D3-BF4B-00C04F79EFBC}") = "Phoneword", "Phoneword\Phoneword\Phoneword.csproj", "{F36BD3E0-5C16-4014-BBA2-14E68C1D094A}"
EndProject
Global
	GlobalSection(SolutionConfigurationPlatforms) = preSolution
		Ad-Hoc|Any CPU = Ad-Hoc|Any CPU
		Ad-Hoc|ARM = Ad-Hoc|ARM
		Ad-Hoc|iPhone = Ad-Hoc|iPhone
		Ad-Hoc|iPhoneSimulator = Ad-Hoc|iPhoneSimulator
		Ad-Hoc|x64 = Ad-Hoc|x64
		Ad-Hoc|x86 = Ad-Hoc|x86
		AppStore|Any CPU = AppStore|Any CPU
		AppStore|ARM = AppStore|ARM
		AppStore|iPhone = AppStore|iPhone
		AppStore|iPhoneSimulator = AppStore|iPhoneSimulator
		AppStore|x64 = AppStore|x64
		AppStore|x86 = AppStore|x86
		Debug|Any CPU = Debug|Any CPU
		Debug|ARM = Debug|ARM
		Debug|iPhone = Debug|iPhone
		Debug|iPhoneSimulator = Debug|iPhoneSimulator
		Debug|x64 = Debug|x64
		Debug|x86 = Debug|x86
		Release|Any CPU = Release|Any CPU
		Release|ARM = Release|ARM
		Release|iPhone = Release|iPhone
		Release|iPhoneSimulator = Release|iPhoneSimulator
		Release|x64 = Release|x64
		Release|x86 = Release|x86
	EndGlobalSection
	GlobalSection(ProjectConfigurationPlatforms) = postSolution
		{7D6C5B3A-DCED-4855-A5D5-87F60941860D}.Ad-Hoc|Any CPU.ActiveCfg = Release|Any CPU
		{7D6C5B3A-DCED-4855-A5D5-87F60941860D}.Ad-Hoc|Any CPU.Build.0 = Release|Any CPU
		{7D6C5B3A-DCED-4855-A5D5-87F60941860D}.Ad-Hoc|Any CPU.Deploy.0 = Release|Any CPU
		{7D6C5B3A-DCED-4855-A5D5-87F60941860D}.Ad-Hoc|ARM.ActiveCfg = Release|Any CPU
		{7D6C5B3A-DCED-4855-A5D5-87F60941860D}.Ad-Hoc|ARM.Build.0 = Release|Any CPU
		{7D6C5B3A-DCED-4855-A5D5-87F60941860D}.Ad-Hoc|ARM.Deploy.0 = Release|Any CPU
		{7D6C5B3A-DCED-4855-A5D5-87F60941860D}.Ad-Hoc|iPhone.ActiveCfg = Release|Any CPU
		{7D6C5B3A-DCED-4855-A5D5-87F60941860D}.Ad-Hoc|iPhone.Build.0 = Release|Any CPU
		{7D6C5B3A-DCED-4855-A5D5-87F60941860D}.Ad-Hoc|iPhone.Deploy.0 = Release|Any CPU
		{7D6C5B3A-DCED-4855-A5D5-87F60941860D}.Ad-Hoc|iPhoneSimulator.ActiveCfg = Release|Any CPU
		{7D6C5B3A-DCED-4855-A5D5-87F60941860D}.Ad-Hoc|iPhoneSimulator.Build.0 = Release|Any CPU
		{7D6C5B3A-DCED-4855-A5D5-87F60941860D}.Ad-Hoc|iPhoneSimulator.Deploy.0 = Release|Any CPU
		{7D6C5B3A-DCED-4855-A5D5-87F60941860D}.Ad-Hoc|x64.ActiveCfg = Release|Any CPU
		{7D6C5B3A-DCED-4855-A5D5-87F60941860D}.Ad-Hoc|x64.Build.0 = Release|Any CPU
		{7D6C5B3A-DCED-4855-A5D5-87F60941860D}.Ad-Hoc|x64.Deploy.0 = Release|Any CPU
		{7D6C5B3A-DCED-4855-A5D5-87F60941860D}.Ad-Hoc|x86.ActiveCfg = Release|Any CPU
		{7D6C5B3A-DCED-4855-A5D5-87F60941860D}.Ad-Hoc|x86.Build.0 = Release|Any CPU
		{7D6C5B3A-DCED-4855-A5D5-87F60941860D}.Ad-Hoc|x86.Deploy.0 = Release|Any CPU
		{7D6C5B3A-DCED-4855-A5D5-87F60941860D}.AppStore|Any CPU.ActiveCfg = Release|Any CPU
		{7D6C5B3A-DCED-4855-A5D5-87F60941860D}.AppStore|Any CPU.Build.0 = Release|Any CPU
		{7D6C5B3A-DCED-4855-A5D5-87F60941860D}.AppStore|Any CPU.Deploy.0 = Release|Any CPU
		{7D6C5B3A-DCED-4855-A5D5-87F60941860D}.AppStore|ARM.ActiveCfg = Release|Any CPU
		{7D6C5B3A-DCED-4855-A5D5-87F60941860D}.AppStore|ARM.Build.0 = Release|Any CPU
		{7D6C5B3A-DCED-4855-A5D5-87F60941860D}.AppStore|ARM.Deploy.0 = Release|Any CPU
		{7D6C5B3A-DCED-4855-A5D5-87F60941860D}.AppStore|iPhone.ActiveCfg = Release|Any CPU
		{7D6C5B3A-DCED-4855-A5D5-87F60941860D}.AppStore|iPhone.Build.0 = Release|Any CPU
		{7D6C5B3A-DCED-4855-A5D5-87F60941860D}.AppStore|iPhone.Deploy.0 = Release|Any CPU
		{7D6C5B3A-DCED-4855-A5D5-87F60941860D}.AppStore|iPhoneSimulator.ActiveCfg = Release|Any CPU
		{7D6C5B3A-DCED-4855-A5D5-87F60941860D}.AppStore|iPhoneSimulator.Build.0 = Release|Any CPU
		{7D6C5B3A-DCED-4855-A5D5-87F60941860D}.AppStore|iPhoneSimulator.Deploy.0 = Release|Any CPU
		{7D6C5B3A-DCED-4855-A5D5-87F60941860D}.AppStore|x64.ActiveCfg = Release|Any CPU
		{7D6C5B3A-DCED-4855-A5D5-87F60941860D}.AppStore|x64.Build.0 = Release|Any CPU
		{7D6C5B3A-DCED-4855-A5D5-87F60941860D}.AppStore|x64.Deploy.0 = Release|Any CPU
		{7D6C5B3A-DCED-4855-A5D5-87F60941860D}.AppStore|x86.ActiveCfg = Release|Any CPU
		{7D6C5B3A-DCED-4855-A5D5-87F60941860D}.AppStore|x86.Build.0 = Release|Any CPU
		{7D6C5B3A-DCED-4855-A5D5-87F60941860D}.AppStore|x86.Deploy.0 = Release|Any CPU
		{7D6C5B3A-DCED-4855-A5D5-87F60941860D}.Debug|Any CPU.ActiveCfg = Debug|Any CPU
		{7D6C5B3A-DCED-4855-A5D5-87F60941860D}.Debug|Any CPU.Build.0 = Debug|Any CPU
		{7D6C5B3A-DCED-4855-A5D5-87F60941860D}.Debug|Any CPU.Deploy.0 = Debug|Any CPU
		{7D6C5B3A-DCED-4855-A5D5-87F60941860D}.Debug|ARM.ActiveCfg = Debug|Any CPU
		{7D6C5B3A-DCED-4855-A5D5-87F60941860D}.Debug|ARM.Build.0 = Debug|Any CPU
		{7D6C5B3A-DCED-4855-A5D5-87F60941860D}.Debug|ARM.Deploy.0 = Debug|Any CPU
		{7D6C5B3A-DCED-4855-A5D5-87F60941860D}.Debug|iPhone.ActiveCfg = Debug|Any CPU
		{7D6C5B3A-DCED-4855-A5D5-87F60941860D}.Debug|iPhone.Build.0 = Debug|Any CPU
		{7D6C5B3A-DCED-4855-A5D5-87F60941860D}.Debug|iPhone.Deploy.0 = Debug|Any CPU
		{7D6C5B3A-DCED-4855-A5D5-87F60941860D}.Debug|iPhoneSimulator.ActiveCfg = Debug|Any CPU
		{7D6C5B3A-DCED-4855-A5D5-87F60941860D}.Debug|iPhoneSimulator.Build.0 = Debug|Any CPU
		{7D6C5B3A-DCED-4855-A5D5-87F60941860D}.Debug|iPhoneSimulator.Deploy.0 = Debug|Any CPU
		{7D6C5B3A-DCED-4855-A5D5-87F60941860D}.Debug|x64.ActiveCfg = Debug|Any CPU
		{7D6C5B3A-DCED-4855-A5D5-87F60941860D}.Debug|x64.Build.0 = Debug|Any CPU
		{7D6C5B3A-DCED-4855-A5D5-87F60941860D}.Debug|x64.Deploy.0 = Debug|Any CPU
		{7D6C5B3A-DCED-4855-A5D5-87F60941860D}.Debug|x86.ActiveCfg = Debug|Any CPU
		{7D6C5B3A-DCED-4855-A5D5-87F60941860D}.Debug|x86.Build.0 = Debug|Any CPU
		{7D6C5B3A-DCED-4855-A5D5-87F60941860D}.Debug|x86.Deploy.0 = Debug|Any CPU
		{7D6C5B3A-DCED-4855-A5D5-87F60941860D}.Release|Any CPU.ActiveCfg = Release|Any CPU
		{7D6C5B3A-DCED-4855-A5D5-87F60941860D}.Release|Any CPU.Build.0 = Release|Any CPU
		{7D6C5B3A-DCED-4855-A5D5-87F60941860D}.Release|Any CPU.Deploy.0 = Release|Any CPU
		{7D6C5B3A-DCED-4855-A5D5-87F60941860D}.Release|ARM.ActiveCfg = Release|Any CPU
		{7D6C5B3A-DCED-4855-A5D5-87F60941860D}.Release|ARM.Build.0 = Release|Any CPU
		{7D6C5B3A-DCED-4855-A5D5-87F60941860D}.Release|ARM.Deploy.0 = Release|Any CPU
		{7D6C5B3A-DCED-4855-A5D5-87F60941860D}.Release|iPhone.ActiveCfg = Release|Any CPU
		{7D6C5B3A-DCED-4855-A5D5-87F60941860D}.Release|iPhone.Build.0 = Release|Any CPU
		{7D6C5B3A-DCED-4855-A5D5-87F60941860D}.Release|iPhone.Deploy.0 = Release|Any CPU
		{7D6C5B3A-DCED-4855-A5D5-87F60941860D}.Release|iPhoneSimulator.ActiveCfg = Release|Any CPU
		{7D6C5B3A-DCED-4855-A5D5-87F60941860D}.Release|iPhoneSimulator.Build.0 = Release|Any CPU
		{7D6C5B3A-DCED-4855-A5D5-87F60941860D}.Release|iPhoneSimulator.Deploy.0 = Release|Any CPU
		{7D6C5B3A-DCED-4855-A5D5-87F60941860D}.Release|x64.ActiveCfg = Release|Any CPU
		{7D6C5B3A-DCED-4855-A5D5-87F60941860D}.Release|x64.Build.0 = Release|Any CPU
		{7D6C5B3A-DCED-4855-A5D5-87F60941860D}.Release|x64.Deploy.0 = Release|Any CPU
		{7D6C5B3A-DCED-4855-A5D5-87F60941860D}.Release|x86.ActiveCfg = Release|Any CPU
		{7D6C5B3A-DCED-4855-A5D5-87F60941860D}.Release|x86.Build.0 = Release|Any CPU
		{7D6C5B3A-DCED-4855-A5D5-87F60941860D}.Release|x86.Deploy.0 = Release|Any CPU
		{701496F1-8E10-4B5D-950C-281F6573203C}.Ad-Hoc|Any CPU.ActiveCfg = Ad-Hoc|iPhone
		{701496F1-8E10-4B5D-950C-281F6573203C}.Ad-Hoc|Any CPU.Build.0 = Ad-Hoc|iPhone
		{701496F1-8E10-4B5D-950C-281F6573203C}.Ad-Hoc|Any CPU.Deploy.0 = Ad-Hoc|iPhone
		{701496F1-8E10-4B5D-950C-281F6573203C}.Ad-Hoc|ARM.ActiveCfg = Ad-Hoc|iPhone
		{701496F1-8E10-4B5D-950C-281F6573203C}.Ad-Hoc|ARM.Build.0 = Ad-Hoc|iPhone
		{701496F1-8E10-4B5D-950C-281F6573203C}.Ad-Hoc|ARM.Deploy.0 = Ad-Hoc|iPhone
		{701496F1-8E10-4B5D-950C-281F6573203C}.Ad-Hoc|iPhone.ActiveCfg = Ad-Hoc|iPhone
		{701496F1-8E10-4B5D-950C-281F6573203C}.Ad-Hoc|iPhone.Build.0 = Ad-Hoc|iPhone
		{701496F1-8E10-4B5D-950C-281F6573203C}.Ad-Hoc|iPhone.Deploy.0 = Ad-Hoc|iPhone
		{701496F1-8E10-4B5D-950C-281F6573203C}.Ad-Hoc|iPhoneSimulator.ActiveCfg = Ad-Hoc|iPhoneSimulator
		{701496F1-8E10-4B5D-950C-281F6573203C}.Ad-Hoc|iPhoneSimulator.Build.0 = Ad-Hoc|iPhoneSimulator
		{701496F1-8E10-4B5D-950C-281F6573203C}.Ad-Hoc|iPhoneSimulator.Deploy.0 = Ad-Hoc|iPhoneSimulator
		{701496F1-8E10-4B5D-950C-281F6573203C}.Ad-Hoc|x64.ActiveCfg = Ad-Hoc|iPhone
		{701496F1-8E10-4B5D-950C-281F6573203C}.Ad-Hoc|x64.Build.0 = Ad-Hoc|iPhone
		{701496F1-8E10-4B5D-950C-281F6573203C}.Ad-Hoc|x64.Deploy.0 = Ad-Hoc|iPhone
		{701496F1-8E10-4B5D-950C-281F6573203C}.Ad-Hoc|x86.ActiveCfg = Ad-Hoc|iPhone
		{701496F1-8E10-4B5D-950C-281F6573203C}.Ad-Hoc|x86.Build.0 = Ad-Hoc|iPhone
		{701496F1-8E10-4B5D-950C-281F6573203C}.Ad-Hoc|x86.Deploy.0 = Ad-Hoc|iPhone
		{701496F1-8E10-4B5D-950C-281F6573203C}.AppStore|Any CPU.ActiveCfg = AppStore|iPhone
		{701496F1-8E10-4B5D-950C-281F6573203C}.AppStore|Any CPU.Build.0 = AppStore|iPhone
		{701496F1-8E10-4B5D-950C-281F6573203C}.AppStore|Any CPU.Deploy.0 = AppStore|iPhone
		{701496F1-8E10-4B5D-950C-281F6573203C}.AppStore|ARM.ActiveCfg = AppStore|iPhone
		{701496F1-8E10-4B5D-950C-281F6573203C}.AppStore|ARM.Build.0 = AppStore|iPhone
		{701496F1-8E10-4B5D-950C-281F6573203C}.AppStore|ARM.Deploy.0 = AppStore|iPhone
		{701496F1-8E10-4B5D-950C-281F6573203C}.AppStore|iPhone.ActiveCfg = AppStore|iPhone
		{701496F1-8E10-4B5D-950C-281F6573203C}.AppStore|iPhone.Build.0 = AppStore|iPhone
		{701496F1-8E10-4B5D-950C-281F6573203C}.AppStore|iPhone.Deploy.0 = AppStore|iPhone
		{701496F1-8E10-4B5D-950C-281F6573203C}.AppStore|iPhoneSimulator.ActiveCfg = AppStore|iPhoneSimulator
		{701496F1-8E10-4B5D-950C-281F6573203C}.AppStore|iPhoneSimulator.Build.0 = AppStore|iPhoneSimulator
		{701496F1-8E10-4B5D-950C-281F6573203C}.AppStore|iPhoneSimulator.Deploy.0 = AppStore|iPhoneSimulator
		{701496F1-8E10-4B5D-950C-281F6573203C}.AppStore|x64.ActiveCfg = AppStore|iPhone
		{701496F1-8E10-4B5D-950C-281F6573203C}.AppStore|x64.Build.0 = AppStore|iPhone
		{701496F1-8E10-4B5D-950C-281F6573203C}.AppStore|x64.Deploy.0 = AppStore|iPhone
		{701496F1-8E10-4B5D-950C-281F6573203C}.AppStore|x86.ActiveCfg = AppStore|iPhone
		{701496F1-8E10-4B5D-950C-281F6573203C}.AppStore|x86.Build.0 = AppStore|iPhone
		{701496F1-8E10-4B5D-950C-281F6573203C}.AppStore|x86.Deploy.0 = AppStore|iPhone
		{701496F1-8E10-4B5D-950C-281F6573203C}.Debug|Any CPU.ActiveCfg = Debug|iPhoneSimulator
		{701496F1-8E10-4B5D-950C-281F6573203C}.Debug|Any CPU.Build.0 = Debug|iPhoneSimulator
		{701496F1-8E10-4B5D-950C-281F6573203C}.Debug|Any CPU.Deploy.0 = Debug|iPhoneSimulator
		{701496F1-8E10-4B5D-950C-281F6573203C}.Debug|ARM.ActiveCfg = Debug|iPhone
		{701496F1-8E10-4B5D-950C-281F6573203C}.Debug|ARM.Build.0 = Debug|iPhone
		{701496F1-8E10-4B5D-950C-281F6573203C}.Debug|ARM.Deploy.0 = Debug|iPhone
		{701496F1-8E10-4B5D-950C-281F6573203C}.Debug|iPhone.ActiveCfg = Debug|iPhone
		{701496F1-8E10-4B5D-950C-281F6573203C}.Debug|iPhone.Build.0 = Debug|iPhone
		{701496F1-8E10-4B5D-950C-281F6573203C}.Debug|iPhone.Deploy.0 = Debug|iPhone
		{701496F1-8E10-4B5D-950C-281F6573203C}.Debug|iPhoneSimulator.ActiveCfg = Debug|iPhoneSimulator
		{701496F1-8E10-4B5D-950C-281F6573203C}.Debug|iPhoneSimulator.Build.0 = Debug|iPhoneSimulator
		{701496F1-8E10-4B5D-950C-281F6573203C}.Debug|iPhoneSimulator.Deploy.0 = Debug|iPhoneSimulator
		{701496F1-8E10-4B5D-950C-281F6573203C}.Debug|x64.ActiveCfg = Debug|iPhone
		{701496F1-8E10-4B5D-950C-281F6573203C}.Debug|x64.Build.0 = Debug|iPhone
		{701496F1-8E10-4B5D-950C-281F6573203C}.Debug|x64.Deploy.0 = Debug|iPhone
		{701496F1-8E10-4B5D-950C-281F6573203C}.Debug|x86.ActiveCfg = Debug|iPhone
		{701496F1-8E10-4B5D-950C-281F6573203C}.Debug|x86.Build.0 = Debug|iPhone
		{701496F1-8E10-4B5D-950C-281F6573203C}.Debug|x86.Deploy.0 = Debug|iPhone
		{701496F1-8E10-4B5D-950C-281F6573203C}.Release|Any CPU.ActiveCfg = Release|iPhone
		{701496F1-8E10-4B5D-950C-281F6573203C}.Release|Any CPU.Build.0 = Release|iPhone
		{701496F1-8E10-4B5D-950C-281F6573203C}.Release|Any CPU.Deploy.0 = Release|iPhone
		{701496F1-8E10-4B5D-950C-281F6573203C}.Release|ARM.ActiveCfg = Release|iPhone
		{701496F1-8E10-4B5D-950C-281F6573203C}.Release|ARM.Build.0 = Release|iPhone
		{701496F1-8E10-4B5D-950C-281F6573203C}.Release|ARM.Deploy.0 = Release|iPhone
		{701496F1-8E10-4B5D-950C-281F6573203C}.Release|iPhone.ActiveCfg = Release|iPhone
		{701496F1-8E10-4B5D-950C-281F6573203C}.Release|iPhone.Build.0 = Release|iPhone
		{701496F1-8E10-4B5D-950C-281F6573203C}.Release|iPhone.Deploy.0 = Release|iPhone
		{701496F1-8E10-4B5D-950C-281F6573203C}.Release|iPhoneSimulator.ActiveCfg = Release|iPhoneSimulator
		{701496F1-8E10-4B5D-950C-281F6573203C}.Release|iPhoneSimulator.Build.0 = Release|iPhoneSimulator
		{701496F1-8E10-4B5D-950C-281F6573203C}.Release|iPhoneSimulator.Deploy.0 = Release|iPhoneSimulator
		{701496F1-8E10-4B5D-950C-281F6573203C}.Release|x64.ActiveCfg = Release|iPhone
		{701496F1-8E10-4B5D-950C-281F6573203C}.Release|x64.Build.0 = Release|iPhone
		{701496F1-8E10-4B5D-950C-281F6573203C}.Release|x64.Deploy.0 = Release|iPhone
		{701496F1-8E10-4B5D-950C-281F6573203C}.Release|x86.ActiveCfg = Release|iPhone
		{701496F1-8E10-4B5D-950C-281F6573203C}.Release|x86.Build.0 = Release|iPhone
		{701496F1-8E10-4B5D-950C-281F6573203C}.Release|x86.Deploy.0 = Release|iPhone
		{69130BAD-2978-4136-9965-427E0EB60931}.Ad-Hoc|Any CPU.ActiveCfg = Release|x86
		{69130BAD-2978-4136-9965-427E0EB60931}.Ad-Hoc|Any CPU.Build.0 = Release|x86
		{69130BAD-2978-4136-9965-427E0EB60931}.Ad-Hoc|Any CPU.Deploy.0 = Release|x86
		{69130BAD-2978-4136-9965-427E0EB60931}.Ad-Hoc|ARM.ActiveCfg = Release|ARM
		{69130BAD-2978-4136-9965-427E0EB60931}.Ad-Hoc|ARM.Build.0 = Release|ARM
		{69130BAD-2978-4136-9965-427E0EB60931}.Ad-Hoc|ARM.Deploy.0 = Release|ARM
		{69130BAD-2978-4136-9965-427E0EB60931}.Ad-Hoc|iPhone.ActiveCfg = Release|x86
		{69130BAD-2978-4136-9965-427E0EB60931}.Ad-Hoc|iPhone.Build.0 = Release|x86
		{69130BAD-2978-4136-9965-427E0EB60931}.Ad-Hoc|iPhone.Deploy.0 = Release|x86
		{69130BAD-2978-4136-9965-427E0EB60931}.Ad-Hoc|iPhoneSimulator.ActiveCfg = Release|x86
		{69130BAD-2978-4136-9965-427E0EB60931}.Ad-Hoc|iPhoneSimulator.Build.0 = Release|x86
		{69130BAD-2978-4136-9965-427E0EB60931}.Ad-Hoc|iPhoneSimulator.Deploy.0 = Release|x86
		{69130BAD-2978-4136-9965-427E0EB60931}.Ad-Hoc|x64.ActiveCfg = Release|x64
		{69130BAD-2978-4136-9965-427E0EB60931}.Ad-Hoc|x64.Build.0 = Release|x64
		{69130BAD-2978-4136-9965-427E0EB60931}.Ad-Hoc|x64.Deploy.0 = Release|x64
		{69130BAD-2978-4136-9965-427E0EB60931}.Ad-Hoc|x86.ActiveCfg = Release|x86
		{69130BAD-2978-4136-9965-427E0EB60931}.Ad-Hoc|x86.Build.0 = Release|x86
		{69130BAD-2978-4136-9965-427E0EB60931}.Ad-Hoc|x86.Deploy.0 = Release|x86
		{69130BAD-2978-4136-9965-427E0EB60931}.AppStore|Any CPU.ActiveCfg = Release|x86
		{69130BAD-2978-4136-9965-427E0EB60931}.AppStore|Any CPU.Build.0 = Release|x86
		{69130BAD-2978-4136-9965-427E0EB60931}.AppStore|Any CPU.Deploy.0 = Release|x86
		{69130BAD-2978-4136-9965-427E0EB60931}.AppStore|ARM.ActiveCfg = Release|ARM
		{69130BAD-2978-4136-9965-427E0EB60931}.AppStore|ARM.Build.0 = Release|ARM
		{69130BAD-2978-4136-9965-427E0EB60931}.AppStore|ARM.Deploy.0 = Release|ARM
		{69130BAD-2978-4136-9965-427E0EB60931}.AppStore|iPhone.ActiveCfg = Release|x86
		{69130BAD-2978-4136-9965-427E0EB60931}.AppStore|iPhone.Build.0 = Release|x86
		{69130BAD-2978-4136-9965-427E0EB60931}.AppStore|iPhone.Deploy.0 = Release|x86
		{69130BAD-2978-4136-9965-427E0EB60931}.AppStore|iPhoneSimulator.ActiveCfg = Release|x86
		{69130BAD-2978-4136-9965-427E0EB60931}.AppStore|iPhoneSimulator.Build.0 = Release|x86
		{69130BAD-2978-4136-9965-427E0EB60931}.AppStore|iPhoneSimulator.Deploy.0 = Release|x86
		{69130BAD-2978-4136-9965-427E0EB60931}.AppStore|x64.ActiveCfg = Release|x64
		{69130BAD-2978-4136-9965-427E0EB60931}.AppStore|x64.Build.0 = Release|x64
		{69130BAD-2978-4136-9965-427E0EB60931}.AppStore|x64.Deploy.0 = Release|x64
		{69130BAD-2978-4136-9965-427E0EB60931}.AppStore|x86.ActiveCfg = Release|x86
		{69130BAD-2978-4136-9965-427E0EB60931}.AppStore|x86.Build.0 = Release|x86
		{69130BAD-2978-4136-9965-427E0EB60931}.AppStore|x86.Deploy.0 = Release|x86
		{69130BAD-2978-4136-9965-427E0EB60931}.Debug|Any CPU.ActiveCfg = Debug|x86
		{69130BAD-2978-4136-9965-427E0EB60931}.Debug|Any CPU.Build.0 = Debug|x86
		{69130BAD-2978-4136-9965-427E0EB60931}.Debug|Any CPU.Deploy.0 = Debug|x86
		{69130BAD-2978-4136-9965-427E0EB60931}.Debug|ARM.ActiveCfg = Debug|ARM
		{69130BAD-2978-4136-9965-427E0EB60931}.Debug|ARM.Build.0 = Debug|ARM
		{69130BAD-2978-4136-9965-427E0EB60931}.Debug|ARM.Deploy.0 = Debug|ARM
		{69130BAD-2978-4136-9965-427E0EB60931}.Debug|iPhone.ActiveCfg = Debug|x86
		{69130BAD-2978-4136-9965-427E0EB60931}.Debug|iPhone.Build.0 = Debug|x86
		{69130BAD-2978-4136-9965-427E0EB60931}.Debug|iPhone.Deploy.0 = Debug|x86
		{69130BAD-2978-4136-9965-427E0EB60931}.Debug|iPhoneSimulator.ActiveCfg = Debug|x86
		{69130BAD-2978-4136-9965-427E0EB60931}.Debug|iPhoneSimulator.Build.0 = Debug|x86
		{69130BAD-2978-4136-9965-427E0EB60931}.Debug|iPhoneSimulator.Deploy.0 = Debug|x86
		{69130BAD-2978-4136-9965-427E0EB60931}.Debug|x64.ActiveCfg = Debug|x64
		{69130BAD-2978-4136-9965-427E0EB60931}.Debug|x64.Build.0 = Debug|x64
		{69130BAD-2978-4136-9965-427E0EB60931}.Debug|x64.Deploy.0 = Debug|x64
		{69130BAD-2978-4136-9965-427E0EB60931}.Debug|x86.ActiveCfg = Debug|x86
		{69130BAD-2978-4136-9965-427E0EB60931}.Debug|x86.Build.0 = Debug|x86
		{69130BAD-2978-4136-9965-427E0EB60931}.Debug|x86.Deploy.0 = Debug|x86
		{69130BAD-2978-4136-9965-427E0EB60931}.Release|Any CPU.ActiveCfg = Release|x86
		{69130BAD-2978-4136-9965-427E0EB60931}.Release|Any CPU.Build.0 = Release|x86
		{69130BAD-2978-4136-9965-427E0EB60931}.Release|Any CPU.Deploy.0 = Release|x86
		{69130BAD-2978-4136-9965-427E0EB60931}.Release|ARM.ActiveCfg = Release|ARM
		{69130BAD-2978-4136-9965-427E0EB60931}.Release|ARM.Build.0 = Release|ARM
		{69130BAD-2978-4136-9965-427E0EB60931}.Release|ARM.Deploy.0 = Release|ARM
		{69130BAD-2978-4136-9965-427E0EB60931}.Release|iPhone.ActiveCfg = Release|x86
		{69130BAD-2978-4136-9965-427E0EB60931}.Release|iPhone.Build.0 = Release|x86
		{69130BAD-2978-4136-9965-427E0EB60931}.Release|iPhone.Deploy.0 = Release|x86
		{69130BAD-2978-4136-9965-427E0EB60931}.Release|iPhoneSimulator.ActiveCfg = Release|x86
		{69130BAD-2978-4136-9965-427E0EB60931}.Release|iPhoneSimulator.Build.0 = Release|x86
		{69130BAD-2978-4136-9965-427E0EB60931}.Release|iPhoneSimulator.Deploy.0 = Release|x86
		{69130BAD-2978-4136-9965-427E0EB60931}.Release|x64.ActiveCfg = Release|x64
		{69130BAD-2978-4136-9965-427E0EB60931}.Release|x64.Build.0 = Release|x64
		{69130BAD-2978-4136-9965-427E0EB60931}.Release|x64.Deploy.0 = Release|x64
		{69130BAD-2978-4136-9965-427E0EB60931}.Release|x86.ActiveCfg = Release|x86
		{69130BAD-2978-4136-9965-427E0EB60931}.Release|x86.Build.0 = Release|x86
		{69130BAD-2978-4136-9965-427E0EB60931}.Release|x86.Deploy.0 = Release|x86
		{F36BD3E0-5C16-4014-BBA2-14E68C1D094A}.Ad-Hoc|Any CPU.ActiveCfg = Debug|Any CPU
		{F36BD3E0-5C16-4014-BBA2-14E68C1D094A}.Ad-Hoc|Any CPU.Build.0 = Debug|Any CPU
		{F36BD3E0-5C16-4014-BBA2-14E68C1D094A}.Ad-Hoc|Any CPU.Deploy.0 = Debug|Any CPU
		{F36BD3E0-5C16-4014-BBA2-14E68C1D094A}.Ad-Hoc|ARM.ActiveCfg = Debug|Any CPU
		{F36BD3E0-5C16-4014-BBA2-14E68C1D094A}.Ad-Hoc|ARM.Build.0 = Debug|Any CPU
		{F36BD3E0-5C16-4014-BBA2-14E68C1D094A}.Ad-Hoc|ARM.Deploy.0 = Debug|Any CPU
		{F36BD3E0-5C16-4014-BBA2-14E68C1D094A}.Ad-Hoc|iPhone.ActiveCfg = Debug|Any CPU
		{F36BD3E0-5C16-4014-BBA2-14E68C1D094A}.Ad-Hoc|iPhone.Build.0 = Debug|Any CPU
		{F36BD3E0-5C16-4014-BBA2-14E68C1D094A}.Ad-Hoc|iPhone.Deploy.0 = Debug|Any CPU
		{F36BD3E0-5C16-4014-BBA2-14E68C1D094A}.Ad-Hoc|iPhoneSimulator.ActiveCfg = Debug|Any CPU
		{F36BD3E0-5C16-4014-BBA2-14E68C1D094A}.Ad-Hoc|iPhoneSimulator.Build.0 = Debug|Any CPU
		{F36BD3E0-5C16-4014-BBA2-14E68C1D094A}.Ad-Hoc|iPhoneSimulator.Deploy.0 = Debug|Any CPU
		{F36BD3E0-5C16-4014-BBA2-14E68C1D094A}.Ad-Hoc|x64.ActiveCfg = Debug|Any CPU
		{F36BD3E0-5C16-4014-BBA2-14E68C1D094A}.Ad-Hoc|x64.Build.0 = Debug|Any CPU
		{F36BD3E0-5C16-4014-BBA2-14E68C1D094A}.Ad-Hoc|x64.Deploy.0 = Debug|Any CPU
		{F36BD3E0-5C16-4014-BBA2-14E68C1D094A}.Ad-Hoc|x86.ActiveCfg = Debug|Any CPU
		{F36BD3E0-5C16-4014-BBA2-14E68C1D094A}.Ad-Hoc|x86.Build.0 = Debug|Any CPU
		{F36BD3E0-5C16-4014-BBA2-14E68C1D094A}.Ad-Hoc|x86.Deploy.0 = Debug|Any CPU
		{F36BD3E0-5C16-4014-BBA2-14E68C1D094A}.AppStore|Any CPU.ActiveCfg = Debug|Any CPU
		{F36BD3E0-5C16-4014-BBA2-14E68C1D094A}.AppStore|Any CPU.Build.0 = Debug|Any CPU
		{F36BD3E0-5C16-4014-BBA2-14E68C1D094A}.AppStore|Any CPU.Deploy.0 = Debug|Any CPU
		{F36BD3E0-5C16-4014-BBA2-14E68C1D094A}.AppStore|ARM.ActiveCfg = Debug|Any CPU
		{F36BD3E0-5C16-4014-BBA2-14E68C1D094A}.AppStore|ARM.Build.0 = Debug|Any CPU
		{F36BD3E0-5C16-4014-BBA2-14E68C1D094A}.AppStore|ARM.Deploy.0 = Debug|Any CPU
		{F36BD3E0-5C16-4014-BBA2-14E68C1D094A}.AppStore|iPhone.ActiveCfg = Debug|Any CPU
		{F36BD3E0-5C16-4014-BBA2-14E68C1D094A}.AppStore|iPhone.Build.0 = Debug|Any CPU
		{F36BD3E0-5C16-4014-BBA2-14E68C1D094A}.AppStore|iPhone.Deploy.0 = Debug|Any CPU
		{F36BD3E0-5C16-4014-BBA2-14E68C1D094A}.AppStore|iPhoneSimulator.ActiveCfg = Debug|Any CPU
		{F36BD3E0-5C16-4014-BBA2-14E68C1D094A}.AppStore|iPhoneSimulator.Build.0 = Debug|Any CPU
		{F36BD3E0-5C16-4014-BBA2-14E68C1D094A}.AppStore|iPhoneSimulator.Deploy.0 = Debug|Any CPU
		{F36BD3E0-5C16-4014-BBA2-14E68C1D094A}.AppStore|x64.ActiveCfg = Debug|Any CPU
		{F36BD3E0-5C16-4014-BBA2-14E68C1D094A}.AppStore|x64.Build.0 = Debug|Any CPU
		{F36BD3E0-5C16-4014-BBA2-14E68C1D094A}.AppStore|x64.Deploy.0 = Debug|Any CPU
		{F36BD3E0-5C16-4014-BBA2-14E68C1D094A}.AppStore|x86.ActiveCfg = Debug|Any CPU
		{F36BD3E0-5C16-4014-BBA2-14E68C1D094A}.AppStore|x86.Build.0 = Debug|Any CPU
		{F36BD3E0-5C16-4014-BBA2-14E68C1D094A}.AppStore|x86.Deploy.0 = Debug|Any CPU
		{F36BD3E0-5C16-4014-BBA2-14E68C1D094A}.Debug|Any CPU.ActiveCfg = Debug|Any CPU
		{F36BD3E0-5C16-4014-BBA2-14E68C1D094A}.Debug|Any CPU.Build.0 = Debug|Any CPU
		{F36BD3E0-5C16-4014-BBA2-14E68C1D094A}.Debug|Any CPU.Deploy.0 = Debug|Any CPU
		{F36BD3E0-5C16-4014-BBA2-14E68C1D094A}.Debug|ARM.ActiveCfg = Debug|Any CPU
		{F36BD3E0-5C16-4014-BBA2-14E68C1D094A}.Debug|ARM.Build.0 = Debug|Any CPU
		{F36BD3E0-5C16-4014-BBA2-14E68C1D094A}.Debug|ARM.Deploy.0 = Debug|Any CPU
		{F36BD3E0-5C16-4014-BBA2-14E68C1D094A}.Debug|iPhone.ActiveCfg = Debug|Any CPU
		{F36BD3E0-5C16-4014-BBA2-14E68C1D094A}.Debug|iPhone.Build.0 = Debug|Any CPU
		{F36BD3E0-5C16-4014-BBA2-14E68C1D094A}.Debug|iPhone.Deploy.0 = Debug|Any CPU
		{F36BD3E0-5C16-4014-BBA2-14E68C1D094A}.Debug|iPhoneSimulator.ActiveCfg = Debug|Any CPU
		{F36BD3E0-5C16-4014-BBA2-14E68C1D094A}.Debug|iPhoneSimulator.Build.0 = Debug|Any CPU
		{F36BD3E0-5C16-4014-BBA2-14E68C1D094A}.Debug|iPhoneSimulator.Deploy.0 = Debug|Any CPU
		{F36BD3E0-5C16-4014-BBA2-14E68C1D094A}.Debug|x64.ActiveCfg = Debug|Any CPU
		{F36BD3E0-5C16-4014-BBA2-14E68C1D094A}.Debug|x64.Build.0 = Debug|Any CPU
		{F36BD3E0-5C16-4014-BBA2-14E68C1D094A}.Debug|x64.Deploy.0 = Debug|Any CPU
		{F36BD3E0-5C16-4014-BBA2-14E68C1D094A}.Debug|x86.ActiveCfg = Debug|Any CPU
		{F36BD3E0-5C16-4014-BBA2-14E68C1D094A}.Debug|x86.Build.0 = Debug|Any CPU
		{F36BD3E0-5C16-4014-BBA2-14E68C1D094A}.Debug|x86.Deploy.0 = Debug|Any CPU
		{F36BD3E0-5C16-4014-BBA2-14E68C1D094A}.Release|Any CPU.ActiveCfg = Release|Any CPU
		{F36BD3E0-5C16-4014-BBA2-14E68C1D094A}.Release|Any CPU.Build.0 = Release|Any CPU
		{F36BD3E0-5C16-4014-BBA2-14E68C1D094A}.Release|Any CPU.Deploy.0 = Release|Any CPU
		{F36BD3E0-5C16-4014-BBA2-14E68C1D094A}.Release|ARM.ActiveCfg = Release|Any CPU
		{F36BD3E0-5C16-4014-BBA2-14E68C1D094A}.Release|ARM.Build.0 = Release|Any CPU
		{F36BD3E0-5C16-4014-BBA2-14E68C1D094A}.Release|ARM.Deploy.0 = Release|Any CPU
		{F36BD3E0-5C16-4014-BBA2-14E68C1D094A}.Release|iPhone.ActiveCfg = Release|Any CPU
		{F36BD3E0-5C16-4014-BBA2-14E68C1D094A}.Release|iPhone.Build.0 = Release|Any CPU
		{F36BD3E0-5C16-4014-BBA2-14E68C1D094A}.Release|iPhone.Deploy.0 = Release|Any CPU
		{F36BD3E0-5C16-4014-BBA2-14E68C1D094A}.Release|iPhoneSimulator.ActiveCfg = Release|Any CPU
		{F36BD3E0-5C16-4014-BBA2-14E68C1D094A}.Release|iPhoneSimulator.Build.0 = Release|Any CPU
		{F36BD3E0-5C16-4014-BBA2-14E68C1D094A}.Release|iPhoneSimulator.Deploy.0 = Release|Any CPU
		{F36BD3E0-5C16-4014-BBA2-14E68C1D094A}.Release|x64.ActiveCfg = Release|Any CPU
		{F36BD3E0-5C16-4014-BBA2-14E68C1D094A}.Release|x64.Build.0 = Release|Any CPU
		{F36BD3E0-5C16-4014-BBA2-14E68C1D094A}.Release|x64.Deploy.0 = Release|Any CPU
		{F36BD3E0-5C16-4014-BBA2-14E68C1D094A}.Release|x86.ActiveCfg = Release|Any CPU
		{F36BD3E0-5C16-4014-BBA2-14E68C1D094A}.Release|x86.Build.0 = Release|Any CPU
		{F36BD3E0-5C16-4014-BBA2-14E68C1D094A}.Release|x86.Deploy.0 = Release|Any CPU
	EndGlobalSection
	GlobalSection(SolutionProperties) = preSolution
		HideSolutionNode = FALSE
	EndGlobalSection
	GlobalSection(ExtensibilityGlobals) = postSolution
		SolutionGuid = {35FE0488-1CC5-402C-8637-B2CBA96D7892}
	EndGlobalSection
EndGlobal
