
Microsoft Visual Studio Solution File, Format Version 12.00
# Visual Studio 15
VisualStudioVersion = 15.0.27703.2000
MinimumVisualStudioVersion = 10.0.40219.1
Project("{FAE04EC0-301F-11D3-BF4B-00C04F79EFBC}") = "TestImageSubmit.Android", "TestImageSubmit\TestImageSubmit.Android\TestImageSubmit.Android.csproj", "{9C917346-BB32-45F6-B6CB-796EC05A8379}"
EndProject
Project("{FAE04EC0-301F-11D3-BF4B-00C04F79EFBC}") = "TestImageSubmit.iOS", "TestImageSubmit\TestImageSubmit.iOS\TestImageSubmit.iOS.csproj", "{C0FA18C2-F139-48DE-BDAC-41ADF5B006C0}"
EndProject
Project("{FAE04EC0-301F-11D3-BF4B-00C04F79EFBC}") = "TestImageSubmit.UWP", "TestImageSubmit\TestImageSubmit.UWP\TestImageSubmit.UWP.csproj", "{B6A92239-51F8-47C9-8FB6-4FD8F90BBD88}"
EndProject
Project("{FAE04EC0-301F-11D3-BF4B-00C04F79EFBC}") = "TestImageSubmit", "TestImageSubmit\TestImageSubmit\TestImageSubmit.csproj", "{56AEFAC2-A865-4B93-B68B-EB74225DDE88}"
EndProject
Global
	GlobalSection(SolutionConfigurationPlatforms) = preSolution
		Ad-Hoc|Any CPU = Ad-Hoc|Any CPU
		Ad-Hoc|ARM = Ad-Hoc|ARM
		Ad-Hoc|iPhone = Ad-Hoc|iPhone
		Ad-Hoc|iPhoneSimulator = Ad-Hoc|iPhoneSimulator
		Ad-Hoc|x64 = Ad-Hoc|x64
		Ad-Hoc|x86 = Ad-Hoc|x86
		AppStore|Any CPU = AppStore|Any CPU
		AppStore|ARM = AppStore|ARM
		AppStore|iPhone = AppStore|iPhone
		AppStore|iPhoneSimulator = AppStore|iPhoneSimulator
		AppStore|x64 = AppStore|x64
		AppStore|x86 = AppStore|x86
		Debug|Any CPU = Debug|Any CPU
		Debug|ARM = Debug|ARM
		Debug|iPhone = Debug|iPhone
		Debug|iPhoneSimulator = Debug|iPhoneSimulator
		Debug|x64 = Debug|x64
		Debug|x86 = Debug|x86
		Release|Any CPU = Release|Any CPU
		Release|ARM = Release|ARM
		Release|iPhone = Release|iPhone
		Release|iPhoneSimulator = Release|iPhoneSimulator
		Release|x64 = Release|x64
		Release|x86 = Release|x86
	EndGlobalSection
	GlobalSection(ProjectConfigurationPlatforms) = postSolution
		{9C917346-BB32-45F6-B6CB-796EC05A8379}.Ad-Hoc|Any CPU.ActiveCfg = Release|Any CPU
		{9C917346-BB32-45F6-B6CB-796EC05A8379}.Ad-Hoc|Any CPU.Build.0 = Release|Any CPU
		{9C917346-BB32-45F6-B6CB-796EC05A8379}.Ad-Hoc|Any CPU.Deploy.0 = Release|Any CPU
		{9C917346-BB32-45F6-B6CB-796EC05A8379}.Ad-Hoc|ARM.ActiveCfg = Release|Any CPU
		{9C917346-BB32-45F6-B6CB-796EC05A8379}.Ad-Hoc|ARM.Build.0 = Release|Any CPU
		{9C917346-BB32-45F6-B6CB-796EC05A8379}.Ad-Hoc|ARM.Deploy.0 = Release|Any CPU
		{9C917346-BB32-45F6-B6CB-796EC05A8379}.Ad-Hoc|iPhone.ActiveCfg = Release|Any CPU
		{9C917346-BB32-45F6-B6CB-796EC05A8379}.Ad-Hoc|iPhone.Build.0 = Release|Any CPU
		{9C917346-BB32-45F6-B6CB-796EC05A8379}.Ad-Hoc|iPhone.Deploy.0 = Release|Any CPU
		{9C917346-BB32-45F6-B6CB-796EC05A8379}.Ad-Hoc|iPhoneSimulator.ActiveCfg = Release|Any CPU
		{9C917346-BB32-45F6-B6CB-796EC05A8379}.Ad-Hoc|iPhoneSimulator.Build.0 = Release|Any CPU
		{9C917346-BB32-45F6-B6CB-796EC05A8379}.Ad-Hoc|iPhoneSimulator.Deploy.0 = Release|Any CPU
		{9C917346-BB32-45F6-B6CB-796EC05A8379}.Ad-Hoc|x64.ActiveCfg = Release|Any CPU
		{9C917346-BB32-45F6-B6CB-796EC05A8379}.Ad-Hoc|x64.Build.0 = Release|Any CPU
		{9C917346-BB32-45F6-B6CB-796EC05A8379}.Ad-Hoc|x64.Deploy.0 = Release|Any CPU
		{9C917346-BB32-45F6-B6CB-796EC05A8379}.Ad-Hoc|x86.ActiveCfg = Release|Any CPU
		{9C917346-BB32-45F6-B6CB-796EC05A8379}.Ad-Hoc|x86.Build.0 = Release|Any CPU
		{9C917346-BB32-45F6-B6CB-796EC05A8379}.Ad-Hoc|x86.Deploy.0 = Release|Any CPU
		{9C917346-BB32-45F6-B6CB-796EC05A8379}.AppStore|Any CPU.ActiveCfg = Release|Any CPU
		{9C917346-BB32-45F6-B6CB-796EC05A8379}.AppStore|Any CPU.Build.0 = Release|Any CPU
		{9C917346-BB32-45F6-B6CB-796EC05A8379}.AppStore|Any CPU.Deploy.0 = Release|Any CPU
		{9C917346-BB32-45F6-B6CB-796EC05A8379}.AppStore|ARM.ActiveCfg = Release|Any CPU
		{9C917346-BB32-45F6-B6CB-796EC05A8379}.AppStore|ARM.Build.0 = Release|Any CPU
		{9C917346-BB32-45F6-B6CB-796EC05A8379}.AppStore|ARM.Deploy.0 = Release|Any CPU
		{9C917346-BB32-45F6-B6CB-796EC05A8379}.AppStore|iPhone.ActiveCfg = Release|Any CPU
		{9C917346-BB32-45F6-B6CB-796EC05A8379}.AppStore|iPhone.Build.0 = Release|Any CPU
		{9C917346-BB32-45F6-B6CB-796EC05A8379}.AppStore|iPhone.Deploy.0 = Release|Any CPU
		{9C917346-BB32-45F6-B6CB-796EC05A8379}.AppStore|iPhoneSimulator.ActiveCfg = Release|Any CPU
		{9C917346-BB32-45F6-B6CB-796EC05A8379}.AppStore|iPhoneSimulator.Build.0 = Release|Any CPU
		{9C917346-BB32-45F6-B6CB-796EC05A8379}.AppStore|iPhoneSimulator.Deploy.0 = Release|Any CPU
		{9C917346-BB32-45F6-B6CB-796EC05A8379}.AppStore|x64.ActiveCfg = Release|Any CPU
		{9C917346-BB32-45F6-B6CB-796EC05A8379}.AppStore|x64.Build.0 = Release|Any CPU
		{9C917346-BB32-45F6-B6CB-796EC05A8379}.AppStore|x64.Deploy.0 = Release|Any CPU
		{9C917346-BB32-45F6-B6CB-796EC05A8379}.AppStore|x86.ActiveCfg = Release|Any CPU
		{9C917346-BB32-45F6-B6CB-796EC05A8379}.AppStore|x86.Build.0 = Release|Any CPU
		{9C917346-BB32-45F6-B6CB-796EC05A8379}.AppStore|x86.Deploy.0 = Release|Any CPU
		{9C917346-BB32-45F6-B6CB-796EC05A8379}.Debug|Any CPU.ActiveCfg = Debug|Any CPU
		{9C917346-BB32-45F6-B6CB-796EC05A8379}.Debug|Any CPU.Build.0 = Debug|Any CPU
		{9C917346-BB32-45F6-B6CB-796EC05A8379}.Debug|Any CPU.Deploy.0 = Debug|Any CPU
		{9C917346-BB32-45F6-B6CB-796EC05A8379}.Debug|ARM.ActiveCfg = Debug|Any CPU
		{9C917346-BB32-45F6-B6CB-796EC05A8379}.Debug|ARM.Build.0 = Debug|Any CPU
		{9C917346-BB32-45F6-B6CB-796EC05A8379}.Debug|ARM.Deploy.0 = Debug|Any CPU
		{9C917346-BB32-45F6-B6CB-796EC05A8379}.Debug|iPhone.ActiveCfg = Debug|Any CPU
		{9C917346-BB32-45F6-B6CB-796EC05A8379}.Debug|iPhone.Build.0 = Debug|Any CPU
		{9C917346-BB32-45F6-B6CB-796EC05A8379}.Debug|iPhone.Deploy.0 = Debug|Any CPU
		{9C917346-BB32-45F6-B6CB-796EC05A8379}.Debug|iPhoneSimulator.ActiveCfg = Debug|Any CPU
		{9C917346-BB32-45F6-B6CB-796EC05A8379}.Debug|iPhoneSimulator.Build.0 = Debug|Any CPU
		{9C917346-BB32-45F6-B6CB-796EC05A8379}.Debug|iPhoneSimulator.Deploy.0 = Debug|Any CPU
		{9C917346-BB32-45F6-B6CB-796EC05A8379}.Debug|x64.ActiveCfg = Debug|Any CPU
		{9C917346-BB32-45F6-B6CB-796EC05A8379}.Debug|x64.Build.0 = Debug|Any CPU
		{9C917346-BB32-45F6-B6CB-796EC05A8379}.Debug|x64.Deploy.0 = Debug|Any CPU
		{9C917346-BB32-45F6-B6CB-796EC05A8379}.Debug|x86.ActiveCfg = Debug|Any CPU
		{9C917346-BB32-45F6-B6CB-796EC05A8379}.Debug|x86.Build.0 = Debug|Any CPU
		{9C917346-BB32-45F6-B6CB-796EC05A8379}.Debug|x86.Deploy.0 = Debug|Any CPU
		{9C917346-BB32-45F6-B6CB-796EC05A8379}.Release|Any CPU.ActiveCfg = Release|Any CPU
		{9C917346-BB32-45F6-B6CB-796EC05A8379}.Release|Any CPU.Build.0 = Release|Any CPU
		{9C917346-BB32-45F6-B6CB-796EC05A8379}.Release|Any CPU.Deploy.0 = Release|Any CPU
		{9C917346-BB32-45F6-B6CB-796EC05A8379}.Release|ARM.ActiveCfg = Release|Any CPU
		{9C917346-BB32-45F6-B6CB-796EC05A8379}.Release|ARM.Build.0 = Release|Any CPU
		{9C917346-BB32-45F6-B6CB-796EC05A8379}.Release|ARM.Deploy.0 = Release|Any CPU
		{9C917346-BB32-45F6-B6CB-796EC05A8379}.Release|iPhone.ActiveCfg = Release|Any CPU
		{9C917346-BB32-45F6-B6CB-796EC05A8379}.Release|iPhone.Build.0 = Release|Any CPU
		{9C917346-BB32-45F6-B6CB-796EC05A8379}.Release|iPhone.Deploy.0 = Release|Any CPU
		{9C917346-BB32-45F6-B6CB-796EC05A8379}.Release|iPhoneSimulator.ActiveCfg = Release|Any CPU
		{9C917346-BB32-45F6-B6CB-796EC05A8379}.Release|iPhoneSimulator.Build.0 = Release|Any CPU
		{9C917346-BB32-45F6-B6CB-796EC05A8379}.Release|iPhoneSimulator.Deploy.0 = Release|Any CPU
		{9C917346-BB32-45F6-B6CB-796EC05A8379}.Release|x64.ActiveCfg = Release|Any CPU
		{9C917346-BB32-45F6-B6CB-796EC05A8379}.Release|x64.Build.0 = Release|Any CPU
		{9C917346-BB32-45F6-B6CB-796EC05A8379}.Release|x64.Deploy.0 = Release|Any CPU
		{9C917346-BB32-45F6-B6CB-796EC05A8379}.Release|x86.ActiveCfg = Release|Any CPU
		{9C917346-BB32-45F6-B6CB-796EC05A8379}.Release|x86.Build.0 = Release|Any CPU
		{9C917346-BB32-45F6-B6CB-796EC05A8379}.Release|x86.Deploy.0 = Release|Any CPU
		{C0FA18C2-F139-48DE-BDAC-41ADF5B006C0}.Ad-Hoc|Any CPU.ActiveCfg = Ad-Hoc|iPhone
		{C0FA18C2-F139-48DE-BDAC-41ADF5B006C0}.Ad-Hoc|Any CPU.Build.0 = Ad-Hoc|iPhone
		{C0FA18C2-F139-48DE-BDAC-41ADF5B006C0}.Ad-Hoc|Any CPU.Deploy.0 = Ad-Hoc|iPhone
		{C0FA18C2-F139-48DE-BDAC-41ADF5B006C0}.Ad-Hoc|ARM.ActiveCfg = Ad-Hoc|iPhone
		{C0FA18C2-F139-48DE-BDAC-41ADF5B006C0}.Ad-Hoc|ARM.Build.0 = Ad-Hoc|iPhone
		{C0FA18C2-F139-48DE-BDAC-41ADF5B006C0}.Ad-Hoc|ARM.Deploy.0 = Ad-Hoc|iPhone
		{C0FA18C2-F139-48DE-BDAC-41ADF5B006C0}.Ad-Hoc|iPhone.ActiveCfg = Ad-Hoc|iPhone
		{C0FA18C2-F139-48DE-BDAC-41ADF5B006C0}.Ad-Hoc|iPhone.Build.0 = Ad-Hoc|iPhone
		{C0FA18C2-F139-48DE-BDAC-41ADF5B006C0}.Ad-Hoc|iPhone.Deploy.0 = Ad-Hoc|iPhone
		{C0FA18C2-F139-48DE-BDAC-41ADF5B006C0}.Ad-Hoc|iPhoneSimulator.ActiveCfg = Ad-Hoc|iPhoneSimulator
		{C0FA18C2-F139-48DE-BDAC-41ADF5B006C0}.Ad-Hoc|iPhoneSimulator.Build.0 = Ad-Hoc|iPhoneSimulator
		{C0FA18C2-F139-48DE-BDAC-41ADF5B006C0}.Ad-Hoc|iPhoneSimulator.Deploy.0 = Ad-Hoc|iPhoneSimulator
		{C0FA18C2-F139-48DE-BDAC-41ADF5B006C0}.Ad-Hoc|x64.ActiveCfg = Ad-Hoc|iPhone
		{C0FA18C2-F139-48DE-BDAC-41ADF5B006C0}.Ad-Hoc|x64.Build.0 = Ad-Hoc|iPhone
		{C0FA18C2-F139-48DE-BDAC-41ADF5B006C0}.Ad-Hoc|x64.Deploy.0 = Ad-Hoc|iPhone
		{C0FA18C2-F139-48DE-BDAC-41ADF5B006C0}.Ad-Hoc|x86.ActiveCfg = Ad-Hoc|iPhone
		{C0FA18C2-F139-48DE-BDAC-41ADF5B006C0}.Ad-Hoc|x86.Build.0 = Ad-Hoc|iPhone
		{C0FA18C2-F139-48DE-BDAC-41ADF5B006C0}.Ad-Hoc|x86.Deploy.0 = Ad-Hoc|iPhone
		{C0FA18C2-F139-48DE-BDAC-41ADF5B006C0}.AppStore|Any CPU.ActiveCfg = AppStore|iPhone
		{C0FA18C2-F139-48DE-BDAC-41ADF5B006C0}.AppStore|Any CPU.Build.0 = AppStore|iPhone
		{C0FA18C2-F139-48DE-BDAC-41ADF5B006C0}.AppStore|Any CPU.Deploy.0 = AppStore|iPhone
		{C0FA18C2-F139-48DE-BDAC-41ADF5B006C0}.AppStore|ARM.ActiveCfg = AppStore|iPhone
		{C0FA18C2-F139-48DE-BDAC-41ADF5B006C0}.AppStore|ARM.Build.0 = AppStore|iPhone
		{C0FA18C2-F139-48DE-BDAC-41ADF5B006C0}.AppStore|ARM.Deploy.0 = AppStore|iPhone
		{C0FA18C2-F139-48DE-BDAC-41ADF5B006C0}.AppStore|iPhone.ActiveCfg = AppStore|iPhone
		{C0FA18C2-F139-48DE-BDAC-41ADF5B006C0}.AppStore|iPhone.Build.0 = AppStore|iPhone
		{C0FA18C2-F139-48DE-BDAC-41ADF5B006C0}.AppStore|iPhone.Deploy.0 = AppStore|iPhone
		{C0FA18C2-F139-48DE-BDAC-41ADF5B006C0}.AppStore|iPhoneSimulator.ActiveCfg = AppStore|iPhoneSimulator
		{C0FA18C2-F139-48DE-BDAC-41ADF5B006C0}.AppStore|iPhoneSimulator.Build.0 = AppStore|iPhoneSimulator
		{C0FA18C2-F139-48DE-BDAC-41ADF5B006C0}.AppStore|iPhoneSimulator.Deploy.0 = AppStore|iPhoneSimulator
		{C0FA18C2-F139-48DE-BDAC-41ADF5B006C0}.AppStore|x64.ActiveCfg = AppStore|iPhone
		{C0FA18C2-F139-48DE-BDAC-41ADF5B006C0}.AppStore|x64.Build.0 = AppStore|iPhone
		{C0FA18C2-F139-48DE-BDAC-41ADF5B006C0}.AppStore|x64.Deploy.0 = AppStore|iPhone
		{C0FA18C2-F139-48DE-BDAC-41ADF5B006C0}.AppStore|x86.ActiveCfg = AppStore|iPhone
		{C0FA18C2-F139-48DE-BDAC-41ADF5B006C0}.AppStore|x86.Build.0 = AppStore|iPhone
		{C0FA18C2-F139-48DE-BDAC-41ADF5B006C0}.AppStore|x86.Deploy.0 = AppStore|iPhone
		{C0FA18C2-F139-48DE-BDAC-41ADF5B006C0}.Debug|Any CPU.ActiveCfg = Debug|iPhoneSimulator
		{C0FA18C2-F139-48DE-BDAC-41ADF5B006C0}.Debug|Any CPU.Build.0 = Debug|iPhoneSimulator
		{C0FA18C2-F139-48DE-BDAC-41ADF5B006C0}.Debug|Any CPU.Deploy.0 = Debug|iPhoneSimulator
		{C0FA18C2-F139-48DE-BDAC-41ADF5B006C0}.Debug|ARM.ActiveCfg = Debug|iPhone
		{C0FA18C2-F139-48DE-BDAC-41ADF5B006C0}.Debug|ARM.Build.0 = Debug|iPhone
		{C0FA18C2-F139-48DE-BDAC-41ADF5B006C0}.Debug|ARM.Deploy.0 = Debug|iPhone
		{C0FA18C2-F139-48DE-BDAC-41ADF5B006C0}.Debug|iPhone.ActiveCfg = Debug|iPhone
		{C0FA18C2-F139-48DE-BDAC-41ADF5B006C0}.Debug|iPhone.Build.0 = Debug|iPhone
		{C0FA18C2-F139-48DE-BDAC-41ADF5B006C0}.Debug|iPhone.Deploy.0 = Debug|iPhone
		{C0FA18C2-F139-48DE-BDAC-41ADF5B006C0}.Debug|iPhoneSimulator.ActiveCfg = Debug|iPhoneSimulator
		{C0FA18C2-F139-48DE-BDAC-41ADF5B006C0}.Debug|iPhoneSimulator.Build.0 = Debug|iPhoneSimulator
		{C0FA18C2-F139-48DE-BDAC-41ADF5B006C0}.Debug|iPhoneSimulator.Deploy.0 = Debug|iPhoneSimulator
		{C0FA18C2-F139-48DE-BDAC-41ADF5B006C0}.Debug|x64.ActiveCfg = Debug|iPhone
		{C0FA18C2-F139-48DE-BDAC-41ADF5B006C0}.Debug|x64.Build.0 = Debug|iPhone
		{C0FA18C2-F139-48DE-BDAC-41ADF5B006C0}.Debug|x64.Deploy.0 = Debug|iPhone
		{C0FA18C2-F139-48DE-BDAC-41ADF5B006C0}.Debug|x86.ActiveCfg = Debug|iPhone
		{C0FA18C2-F139-48DE-BDAC-41ADF5B006C0}.Debug|x86.Build.0 = Debug|iPhone
		{C0FA18C2-F139-48DE-BDAC-41ADF5B006C0}.Debug|x86.Deploy.0 = Debug|iPhone
		{C0FA18C2-F139-48DE-BDAC-41ADF5B006C0}.Release|Any CPU.ActiveCfg = Release|iPhone
		{C0FA18C2-F139-48DE-BDAC-41ADF5B006C0}.Release|Any CPU.Build.0 = Release|iPhone
		{C0FA18C2-F139-48DE-BDAC-41ADF5B006C0}.Release|Any CPU.Deploy.0 = Release|iPhone
		{C0FA18C2-F139-48DE-BDAC-41ADF5B006C0}.Release|ARM.ActiveCfg = Release|iPhone
		{C0FA18C2-F139-48DE-BDAC-41ADF5B006C0}.Release|ARM.Build.0 = Release|iPhone
		{C0FA18C2-F139-48DE-BDAC-41ADF5B006C0}.Release|ARM.Deploy.0 = Release|iPhone
		{C0FA18C2-F139-48DE-BDAC-41ADF5B006C0}.Release|iPhone.ActiveCfg = Release|iPhone
		{C0FA18C2-F139-48DE-BDAC-41ADF5B006C0}.Release|iPhone.Build.0 = Release|iPhone
		{C0FA18C2-F139-48DE-BDAC-41ADF5B006C0}.Release|iPhone.Deploy.0 = Release|iPhone
		{C0FA18C2-F139-48DE-BDAC-41ADF5B006C0}.Release|iPhoneSimulator.ActiveCfg = Release|iPhoneSimulator
		{C0FA18C2-F139-48DE-BDAC-41ADF5B006C0}.Release|iPhoneSimulator.Build.0 = Release|iPhoneSimulator
		{C0FA18C2-F139-48DE-BDAC-41ADF5B006C0}.Release|iPhoneSimulator.Deploy.0 = Release|iPhoneSimulator
		{C0FA18C2-F139-48DE-BDAC-41ADF5B006C0}.Release|x64.ActiveCfg = Release|iPhone
		{C0FA18C2-F139-48DE-BDAC-41ADF5B006C0}.Release|x64.Build.0 = Release|iPhone
		{C0FA18C2-F139-48DE-BDAC-41ADF5B006C0}.Release|x64.Deploy.0 = Release|iPhone
		{C0FA18C2-F139-48DE-BDAC-41ADF5B006C0}.Release|x86.ActiveCfg = Release|iPhone
		{C0FA18C2-F139-48DE-BDAC-41ADF5B006C0}.Release|x86.Build.0 = Release|iPhone
		{C0FA18C2-F139-48DE-BDAC-41ADF5B006C0}.Release|x86.Deploy.0 = Release|iPhone
		{B6A92239-51F8-47C9-8FB6-4FD8F90BBD88}.Ad-Hoc|Any CPU.ActiveCfg = Release|x86
		{B6A92239-51F8-47C9-8FB6-4FD8F90BBD88}.Ad-Hoc|Any CPU.Build.0 = Release|x86
		{B6A92239-51F8-47C9-8FB6-4FD8F90BBD88}.Ad-Hoc|Any CPU.Deploy.0 = Release|x86
		{B6A92239-51F8-47C9-8FB6-4FD8F90BBD88}.Ad-Hoc|ARM.ActiveCfg = Release|ARM
		{B6A92239-51F8-47C9-8FB6-4FD8F90BBD88}.Ad-Hoc|ARM.Build.0 = Release|ARM
		{B6A92239-51F8-47C9-8FB6-4FD8F90BBD88}.Ad-Hoc|ARM.Deploy.0 = Release|ARM
		{B6A92239-51F8-47C9-8FB6-4FD8F90BBD88}.Ad-Hoc|iPhone.ActiveCfg = Release|x86
		{B6A92239-51F8-47C9-8FB6-4FD8F90BBD88}.Ad-Hoc|iPhone.Build.0 = Release|x86
		{B6A92239-51F8-47C9-8FB6-4FD8F90BBD88}.Ad-Hoc|iPhone.Deploy.0 = Release|x86
		{B6A92239-51F8-47C9-8FB6-4FD8F90BBD88}.Ad-Hoc|iPhoneSimulator.ActiveCfg = Release|x86
		{B6A92239-51F8-47C9-8FB6-4FD8F90BBD88}.Ad-Hoc|iPhoneSimulator.Build.0 = Release|x86
		{B6A92239-51F8-47C9-8FB6-4FD8F90BBD88}.Ad-Hoc|iPhoneSimulator.Deploy.0 = Release|x86
		{B6A92239-51F8-47C9-8FB6-4FD8F90BBD88}.Ad-Hoc|x64.ActiveCfg = Release|x64
		{B6A92239-51F8-47C9-8FB6-4FD8F90BBD88}.Ad-Hoc|x64.Build.0 = Release|x64
		{B6A92239-51F8-47C9-8FB6-4FD8F90BBD88}.Ad-Hoc|x64.Deploy.0 = Release|x64
		{B6A92239-51F8-47C9-8FB6-4FD8F90BBD88}.Ad-Hoc|x86.ActiveCfg = Release|x86
		{B6A92239-51F8-47C9-8FB6-4FD8F90BBD88}.Ad-Hoc|x86.Build.0 = Release|x86
		{B6A92239-51F8-47C9-8FB6-4FD8F90BBD88}.Ad-Hoc|x86.Deploy.0 = Release|x86
		{B6A92239-51F8-47C9-8FB6-4FD8F90BBD88}.AppStore|Any CPU.ActiveCfg = Release|x86
		{B6A92239-51F8-47C9-8FB6-4FD8F90BBD88}.AppStore|Any CPU.Build.0 = Release|x86
		{B6A92239-51F8-47C9-8FB6-4FD8F90BBD88}.AppStore|Any CPU.Deploy.0 = Release|x86
		{B6A92239-51F8-47C9-8FB6-4FD8F90BBD88}.AppStore|ARM.ActiveCfg = Release|ARM
		{B6A92239-51F8-47C9-8FB6-4FD8F90BBD88}.AppStore|ARM.Build.0 = Release|ARM
		{B6A92239-51F8-47C9-8FB6-4FD8F90BBD88}.AppStore|ARM.Deploy.0 = Release|ARM
		{B6A92239-51F8-47C9-8FB6-4FD8F90BBD88}.AppStore|iPhone.ActiveCfg = Release|x86
		{B6A92239-51F8-47C9-8FB6-4FD8F90BBD88}.AppStore|iPhone.Build.0 = Release|x86
		{B6A92239-51F8-47C9-8FB6-4FD8F90BBD88}.AppStore|iPhone.Deploy.0 = Release|x86
		{B6A92239-51F8-47C9-8FB6-4FD8F90BBD88}.AppStore|iPhoneSimulator.ActiveCfg = Release|x86
		{B6A92239-51F8-47C9-8FB6-4FD8F90BBD88}.AppStore|iPhoneSimulator.Build.0 = Release|x86
		{B6A92239-51F8-47C9-8FB6-4FD8F90BBD88}.AppStore|iPhoneSimulator.Deploy.0 = Release|x86
		{B6A92239-51F8-47C9-8FB6-4FD8F90BBD88}.AppStore|x64.ActiveCfg = Release|x64
		{B6A92239-51F8-47C9-8FB6-4FD8F90BBD88}.AppStore|x64.Build.0 = Release|x64
		{B6A92239-51F8-47C9-8FB6-4FD8F90BBD88}.AppStore|x64.Deploy.0 = Release|x64
		{B6A92239-51F8-47C9-8FB6-4FD8F90BBD88}.AppStore|x86.ActiveCfg = Release|x86
		{B6A92239-51F8-47C9-8FB6-4FD8F90BBD88}.AppStore|x86.Build.0 = Release|x86
		{B6A92239-51F8-47C9-8FB6-4FD8F90BBD88}.AppStore|x86.Deploy.0 = Release|x86
		{B6A92239-51F8-47C9-8FB6-4FD8F90BBD88}.Debug|Any CPU.ActiveCfg = Debug|x86
		{B6A92239-51F8-47C9-8FB6-4FD8F90BBD88}.Debug|Any CPU.Build.0 = Debug|x86
		{B6A92239-51F8-47C9-8FB6-4FD8F90BBD88}.Debug|Any CPU.Deploy.0 = Debug|x86
		{B6A92239-51F8-47C9-8FB6-4FD8F90BBD88}.Debug|ARM.ActiveCfg = Debug|ARM
		{B6A92239-51F8-47C9-8FB6-4FD8F90BBD88}.Debug|ARM.Build.0 = Debug|ARM
		{B6A92239-51F8-47C9-8FB6-4FD8F90BBD88}.Debug|ARM.Deploy.0 = Debug|ARM
		{B6A92239-51F8-47C9-8FB6-4FD8F90BBD88}.Debug|iPhone.ActiveCfg = Debug|x86
		{B6A92239-51F8-47C9-8FB6-4FD8F90BBD88}.Debug|iPhone.Build.0 = Debug|x86
		{B6A92239-51F8-47C9-8FB6-4FD8F90BBD88}.Debug|iPhone.Deploy.0 = Debug|x86
		{B6A92239-51F8-47C9-8FB6-4FD8F90BBD88}.Debug|iPhoneSimulator.ActiveCfg = Debug|x86
		{B6A92239-51F8-47C9-8FB6-4FD8F90BBD88}.Debug|iPhoneSimulator.Build.0 = Debug|x86
		{B6A92239-51F8-47C9-8FB6-4FD8F90BBD88}.Debug|iPhoneSimulator.Deploy.0 = Debug|x86
		{B6A92239-51F8-47C9-8FB6-4FD8F90BBD88}.Debug|x64.ActiveCfg = Debug|x64
		{B6A92239-51F8-47C9-8FB6-4FD8F90BBD88}.Debug|x64.Build.0 = Debug|x64
		{B6A92239-51F8-47C9-8FB6-4FD8F90BBD88}.Debug|x64.Deploy.0 = Debug|x64
		{B6A92239-51F8-47C9-8FB6-4FD8F90BBD88}.Debug|x86.ActiveCfg = Debug|x86
		{B6A92239-51F8-47C9-8FB6-4FD8F90BBD88}.Debug|x86.Build.0 = Debug|x86
		{B6A92239-51F8-47C9-8FB6-4FD8F90BBD88}.Debug|x86.Deploy.0 = Debug|x86
		{B6A92239-51F8-47C9-8FB6-4FD8F90BBD88}.Release|Any CPU.ActiveCfg = Release|x86
		{B6A92239-51F8-47C9-8FB6-4FD8F90BBD88}.Release|Any CPU.Build.0 = Release|x86
		{B6A92239-51F8-47C9-8FB6-4FD8F90BBD88}.Release|Any CPU.Deploy.0 = Release|x86
		{B6A92239-51F8-47C9-8FB6-4FD8F90BBD88}.Release|ARM.ActiveCfg = Release|ARM
		{B6A92239-51F8-47C9-8FB6-4FD8F90BBD88}.Release|ARM.Build.0 = Release|ARM
		{B6A92239-51F8-47C9-8FB6-4FD8F90BBD88}.Release|ARM.Deploy.0 = Release|ARM
		{B6A92239-51F8-47C9-8FB6-4FD8F90BBD88}.Release|iPhone.ActiveCfg = Release|x86
		{B6A92239-51F8-47C9-8FB6-4FD8F90BBD88}.Release|iPhone.Build.0 = Release|x86
		{B6A92239-51F8-47C9-8FB6-4FD8F90BBD88}.Release|iPhone.Deploy.0 = Release|x86
		{B6A92239-51F8-47C9-8FB6-4FD8F90BBD88}.Release|iPhoneSimulator.ActiveCfg = Release|x86
		{B6A92239-51F8-47C9-8FB6-4FD8F90BBD88}.Release|iPhoneSimulator.Build.0 = Release|x86
		{B6A92239-51F8-47C9-8FB6-4FD8F90BBD88}.Release|iPhoneSimulator.Deploy.0 = Release|x86
		{B6A92239-51F8-47C9-8FB6-4FD8F90BBD88}.Release|x64.ActiveCfg = Release|x64
		{B6A92239-51F8-47C9-8FB6-4FD8F90BBD88}.Release|x64.Build.0 = Release|x64
		{B6A92239-51F8-47C9-8FB6-4FD8F90BBD88}.Release|x64.Deploy.0 = Release|x64
		{B6A92239-51F8-47C9-8FB6-4FD8F90BBD88}.Release|x86.ActiveCfg = Release|x86
		{B6A92239-51F8-47C9-8FB6-4FD8F90BBD88}.Release|x86.Build.0 = Release|x86
		{B6A92239-51F8-47C9-8FB6-4FD8F90BBD88}.Release|x86.Deploy.0 = Release|x86
		{56AEFAC2-A865-4B93-B68B-EB74225DDE88}.Ad-Hoc|Any CPU.ActiveCfg = Debug|Any CPU
		{56AEFAC2-A865-4B93-B68B-EB74225DDE88}.Ad-Hoc|Any CPU.Build.0 = Debug|Any CPU
		{56AEFAC2-A865-4B93-B68B-EB74225DDE88}.Ad-Hoc|Any CPU.Deploy.0 = Debug|Any CPU
		{56AEFAC2-A865-4B93-B68B-EB74225DDE88}.Ad-Hoc|ARM.ActiveCfg = Debug|Any CPU
		{56AEFAC2-A865-4B93-B68B-EB74225DDE88}.Ad-Hoc|ARM.Build.0 = Debug|Any CPU
		{56AEFAC2-A865-4B93-B68B-EB74225DDE88}.Ad-Hoc|ARM.Deploy.0 = Debug|Any CPU
		{56AEFAC2-A865-4B93-B68B-EB74225DDE88}.Ad-Hoc|iPhone.ActiveCfg = Debug|Any CPU
		{56AEFAC2-A865-4B93-B68B-EB74225DDE88}.Ad-Hoc|iPhone.Build.0 = Debug|Any CPU
		{56AEFAC2-A865-4B93-B68B-EB74225DDE88}.Ad-Hoc|iPhone.Deploy.0 = Debug|Any CPU
		{56AEFAC2-A865-4B93-B68B-EB74225DDE88}.Ad-Hoc|iPhoneSimulator.ActiveCfg = Debug|Any CPU
		{56AEFAC2-A865-4B93-B68B-EB74225DDE88}.Ad-Hoc|iPhoneSimulator.Build.0 = Debug|Any CPU
		{56AEFAC2-A865-4B93-B68B-EB74225DDE88}.Ad-Hoc|iPhoneSimulator.Deploy.0 = Debug|Any CPU
		{56AEFAC2-A865-4B93-B68B-EB74225DDE88}.Ad-Hoc|x64.ActiveCfg = Debug|Any CPU
		{56AEFAC2-A865-4B93-B68B-EB74225DDE88}.Ad-Hoc|x64.Build.0 = Debug|Any CPU
		{56AEFAC2-A865-4B93-B68B-EB74225DDE88}.Ad-Hoc|x64.Deploy.0 = Debug|Any CPU
		{56AEFAC2-A865-4B93-B68B-EB74225DDE88}.Ad-Hoc|x86.ActiveCfg = Debug|Any CPU
		{56AEFAC2-A865-4B93-B68B-EB74225DDE88}.Ad-Hoc|x86.Build.0 = Debug|Any CPU
		{56AEFAC2-A865-4B93-B68B-EB74225DDE88}.Ad-Hoc|x86.Deploy.0 = Debug|Any CPU
		{56AEFAC2-A865-4B93-B68B-EB74225DDE88}.AppStore|Any CPU.ActiveCfg = Debug|Any CPU
		{56AEFAC2-A865-4B93-B68B-EB74225DDE88}.AppStore|Any CPU.Build.0 = Debug|Any CPU
		{56AEFAC2-A865-4B93-B68B-EB74225DDE88}.AppStore|Any CPU.Deploy.0 = Debug|Any CPU
		{56AEFAC2-A865-4B93-B68B-EB74225DDE88}.AppStore|ARM.ActiveCfg = Debug|Any CPU
		{56AEFAC2-A865-4B93-B68B-EB74225DDE88}.AppStore|ARM.Build.0 = Debug|Any CPU
		{56AEFAC2-A865-4B93-B68B-EB74225DDE88}.AppStore|ARM.Deploy.0 = Debug|Any CPU
		{56AEFAC2-A865-4B93-B68B-EB74225DDE88}.AppStore|iPhone.ActiveCfg = Debug|Any CPU
		{56AEFAC2-A865-4B93-B68B-EB74225DDE88}.AppStore|iPhone.Build.0 = Debug|Any CPU
		{56AEFAC2-A865-4B93-B68B-EB74225DDE88}.AppStore|iPhone.Deploy.0 = Debug|Any CPU
		{56AEFAC2-A865-4B93-B68B-EB74225DDE88}.AppStore|iPhoneSimulator.ActiveCfg = Debug|Any CPU
		{56AEFAC2-A865-4B93-B68B-EB74225DDE88}.AppStore|iPhoneSimulator.Build.0 = Debug|Any CPU
		{56AEFAC2-A865-4B93-B68B-EB74225DDE88}.AppStore|iPhoneSimulator.Deploy.0 = Debug|Any CPU
		{56AEFAC2-A865-4B93-B68B-EB74225DDE88}.AppStore|x64.ActiveCfg = Debug|Any CPU
		{56AEFAC2-A865-4B93-B68B-EB74225DDE88}.AppStore|x64.Build.0 = Debug|Any CPU
		{56AEFAC2-A865-4B93-B68B-EB74225DDE88}.AppStore|x64.Deploy.0 = Debug|Any CPU
		{56AEFAC2-A865-4B93-B68B-EB74225DDE88}.AppStore|x86.ActiveCfg = Debug|Any CPU
		{56AEFAC2-A865-4B93-B68B-EB74225DDE88}.AppStore|x86.Build.0 = Debug|Any CPU
		{56AEFAC2-A865-4B93-B68B-EB74225DDE88}.AppStore|x86.Deploy.0 = Debug|Any CPU
		{56AEFAC2-A865-4B93-B68B-EB74225DDE88}.Debug|Any CPU.ActiveCfg = Debug|Any CPU
		{56AEFAC2-A865-4B93-B68B-EB74225DDE88}.Debug|Any CPU.Build.0 = Debug|Any CPU
		{56AEFAC2-A865-4B93-B68B-EB74225DDE88}.Debug|Any CPU.Deploy.0 = Debug|Any CPU
		{56AEFAC2-A865-4B93-B68B-EB74225DDE88}.Debug|ARM.ActiveCfg = Debug|Any CPU
		{56AEFAC2-A865-4B93-B68B-EB74225DDE88}.Debug|ARM.Build.0 = Debug|Any CPU
		{56AEFAC2-A865-4B93-B68B-EB74225DDE88}.Debug|ARM.Deploy.0 = Debug|Any CPU
		{56AEFAC2-A865-4B93-B68B-EB74225DDE88}.Debug|iPhone.ActiveCfg = Debug|Any CPU
		{56AEFAC2-A865-4B93-B68B-EB74225DDE88}.Debug|iPhone.Build.0 = Debug|Any CPU
		{56AEFAC2-A865-4B93-B68B-EB74225DDE88}.Debug|iPhone.Deploy.0 = Debug|Any CPU
		{56AEFAC2-A865-4B93-B68B-EB74225DDE88}.Debug|iPhoneSimulator.ActiveCfg = Debug|Any CPU
		{56AEFAC2-A865-4B93-B68B-EB74225DDE88}.Debug|iPhoneSimulator.Build.0 = Debug|Any CPU
		{56AEFAC2-A865-4B93-B68B-EB74225DDE88}.Debug|iPhoneSimulator.Deploy.0 = Debug|Any CPU
		{56AEFAC2-A865-4B93-B68B-EB74225DDE88}.Debug|x64.ActiveCfg = Debug|Any CPU
		{56AEFAC2-A865-4B93-B68B-EB74225DDE88}.Debug|x64.Build.0 = Debug|Any CPU
		{56AEFAC2-A865-4B93-B68B-EB74225DDE88}.Debug|x64.Deploy.0 = Debug|Any CPU
		{56AEFAC2-A865-4B93-B68B-EB74225DDE88}.Debug|x86.ActiveCfg = Debug|Any CPU
		{56AEFAC2-A865-4B93-B68B-EB74225DDE88}.Debug|x86.Build.0 = Debug|Any CPU
		{56AEFAC2-A865-4B93-B68B-EB74225DDE88}.Debug|x86.Deploy.0 = Debug|Any CPU
		{56AEFAC2-A865-4B93-B68B-EB74225DDE88}.Release|Any CPU.ActiveCfg = Release|Any CPU
		{56AEFAC2-A865-4B93-B68B-EB74225DDE88}.Release|Any CPU.Build.0 = Release|Any CPU
		{56AEFAC2-A865-4B93-B68B-EB74225DDE88}.Release|Any CPU.Deploy.0 = Release|Any CPU
		{56AEFAC2-A865-4B93-B68B-EB74225DDE88}.Release|ARM.ActiveCfg = Release|Any CPU
		{56AEFAC2-A865-4B93-B68B-EB74225DDE88}.Release|ARM.Build.0 = Release|Any CPU
		{56AEFAC2-A865-4B93-B68B-EB74225DDE88}.Release|ARM.Deploy.0 = Release|Any CPU
		{56AEFAC2-A865-4B93-B68B-EB74225DDE88}.Release|iPhone.ActiveCfg = Release|Any CPU
		{56AEFAC2-A865-4B93-B68B-EB74225DDE88}.Release|iPhone.Build.0 = Release|Any CPU
		{56AEFAC2-A865-4B93-B68B-EB74225DDE88}.Release|iPhone.Deploy.0 = Release|Any CPU
		{56AEFAC2-A865-4B93-B68B-EB74225DDE88}.Release|iPhoneSimulator.ActiveCfg = Release|Any CPU
		{56AEFAC2-A865-4B93-B68B-EB74225DDE88}.Release|iPhoneSimulator.Build.0 = Release|Any CPU
		{56AEFAC2-A865-4B93-B68B-EB74225DDE88}.Release|iPhoneSimulator.Deploy.0 = Release|Any CPU
		{56AEFAC2-A865-4B93-B68B-EB74225DDE88}.Release|x64.ActiveCfg = Release|Any CPU
		{56AEFAC2-A865-4B93-B68B-EB74225DDE88}.Release|x64.Build.0 = Release|Any CPU
		{56AEFAC2-A865-4B93-B68B-EB74225DDE88}.Release|x64.Deploy.0 = Release|Any CPU
		{56AEFAC2-A865-4B93-B68B-EB74225DDE88}.Release|x86.ActiveCfg = Release|Any CPU
		{56AEFAC2-A865-4B93-B68B-EB74225DDE88}.Release|x86.Build.0 = Release|Any CPU
		{56AEFAC2-A865-4B93-B68B-EB74225DDE88}.Release|x86.Deploy.0 = Release|Any CPU
	EndGlobalSection
	GlobalSection(SolutionProperties) = preSolution
		HideSolutionNode = FALSE
	EndGlobalSection
	GlobalSection(ExtensibilityGlobals) = postSolution
		SolutionGuid = {74782F46-E50F-4B01-8A76-D4D896A447E9}
	EndGlobalSection
EndGlobal
